// !$*UTF8*$!
{
	archiveVersion = 1;
	classes = {
	};
	objectVersion = 46;
	objects = {

/* Begin PBXBuildFile section */
		70515C1A160C038700D96335 /* Default-568h@2x.png in Resources */ = {isa = PBXBuildFile; fileRef = 70515C19160C038700D96335 /* Default-568h@2x.png */; };
		70515C20160CBE7600D96335 /* Songlist.m in Sources */ = {isa = PBXBuildFile; fileRef = 70515C1F160CBE7600D96335 /* Songlist.m */; };
		70515C29160F986E00D96335 /* SonglistCell.m in Sources */ = {isa = PBXBuildFile; fileRef = 70515C28160F986E00D96335 /* SonglistCell.m */; };
		70515C2C160FD2DC00D96335 /* PlaylistDetailController.m in Sources */ = {isa = PBXBuildFile; fileRef = 70515C2B160FD2DC00D96335 /* PlaylistDetailController.m */; };
		70515C321610184A00D96335 /* MainViewController.m in Sources */ = {isa = PBXBuildFile; fileRef = 70515C311610184A00D96335 /* MainViewController.m */; };
		70515C38161028FE00D96335 /* PlaylistCell.m in Sources */ = {isa = PBXBuildFile; fileRef = 70515C37161028FE00D96335 /* PlaylistCell.m */; };
		70515C421611208C00D96335 /* AVFoundation.framework in Frameworks */ = {isa = PBXBuildFile; fileRef = 70515C411611208B00D96335 /* AVFoundation.framework */; };
		70515C44161120C900D96335 /* AudioToolbox.framework in Frameworks */ = {isa = PBXBuildFile; fileRef = 70515C43161120C900D96335 /* AudioToolbox.framework */; };
		70515C461611210100D96335 /* MediaPlayer.framework in Frameworks */ = {isa = PBXBuildFile; fileRef = 70515C451611210000D96335 /* MediaPlayer.framework */; };
		70515C49161126B400D96335 /* Localizable.strings in Resources */ = {isa = PBXBuildFile; fileRef = 70515C47161126B400D96335 /* Localizable.strings */; };
		7060522C14F88D43001A1CDB /* UIKit.framework in Frameworks */ = {isa = PBXBuildFile; fileRef = 7060522B14F88D43001A1CDB /* UIKit.framework */; };
		7060522E14F88D43001A1CDB /* Foundation.framework in Frameworks */ = {isa = PBXBuildFile; fileRef = 7060522D14F88D43001A1CDB /* Foundation.framework */; };
		7060523014F88D43001A1CDB /* CoreGraphics.framework in Frameworks */ = {isa = PBXBuildFile; fileRef = 7060522F14F88D43001A1CDB /* CoreGraphics.framework */; };
		7060523614F88D43001A1CDB /* InfoPlist.strings in Resources */ = {isa = PBXBuildFile; fileRef = 7060523414F88D43001A1CDB /* InfoPlist.strings */; };
		7060523814F88D43001A1CDB /* main.m in Sources */ = {isa = PBXBuildFile; fileRef = 7060523714F88D43001A1CDB /* main.m */; };
		7060523C14F88D43001A1CDB /* AppDelegate.m in Sources */ = {isa = PBXBuildFile; fileRef = 7060523B14F88D43001A1CDB /* AppDelegate.m */; };
		7060523F14F88D43001A1CDB /* MainStoryboard.storyboard in Resources */ = {isa = PBXBuildFile; fileRef = 7060523D14F88D43001A1CDB /* MainStoryboard.storyboard */; };
		7060524A14F88D44001A1CDB /* SenTestingKit.framework in Frameworks */ = {isa = PBXBuildFile; fileRef = 7060524914F88D44001A1CDB /* SenTestingKit.framework */; };
		7060524B14F88D44001A1CDB /* UIKit.framework in Frameworks */ = {isa = PBXBuildFile; fileRef = 7060522B14F88D43001A1CDB /* UIKit.framework */; };
		7060524C14F88D44001A1CDB /* Foundation.framework in Frameworks */ = {isa = PBXBuildFile; fileRef = 7060522D14F88D43001A1CDB /* Foundation.framework */; };
		7060525414F88D44001A1CDB /* InfoPlist.strings in Resources */ = {isa = PBXBuildFile; fileRef = 7060525214F88D44001A1CDB /* InfoPlist.strings */; };
		7060525714F88D44001A1CDB /* MegaTunes_PlayerTests.m in Sources */ = {isa = PBXBuildFile; fileRef = 7060525614F88D44001A1CDB /* MegaTunes_PlayerTests.m */; };
		706052DD14FEE669001A1CDB /* video_next_64.png in Resources */ = {isa = PBXBuildFile; fileRef = 706052D914FEE669001A1CDB /* video_next_64.png */; };
		706052DE14FEE669001A1CDB /* video_pause_64.png in Resources */ = {isa = PBXBuildFile; fileRef = 706052DA14FEE669001A1CDB /* video_pause_64.png */; };
		706052DF14FEE669001A1CDB /* video_play_64.png in Resources */ = {isa = PBXBuildFile; fileRef = 706052DB14FEE669001A1CDB /* video_play_64.png */; };
		706052E014FEE669001A1CDB /* video_previous_64.png in Resources */ = {isa = PBXBuildFile; fileRef = 706052DC14FEE669001A1CDB /* video_previous_64.png */; };
		707862A31624D16E00871260 /* Settings.bundle in Resources */ = {isa = PBXBuildFile; fileRef = 707862A21624D16E00871260 /* Settings.bundle */; };
		70ADDC0C16113CAD00219873 /* sound.caf in Resources */ = {isa = PBXBuildFile; fileRef = 70ADDC0B16113CAD00219873 /* sound.caf */; };
		70ADDC1F1614178500219873 /* Playlist.m in Sources */ = {isa = PBXBuildFile; fileRef = 70ADDC1E1614178500219873 /* Playlist.m */; };
		70ADDC30161A4A7700219873 /* MusicTableViewController.m in Sources */ = {isa = PBXBuildFile; fileRef = 70ADDC2F161A4A7700219873 /* MusicTableViewController.m */; };
		70ADDC33161AC09C00219873 /* InitialViewController.m in Sources */ = {isa = PBXBuildFile; fileRef = 70ADDC32161AC09C00219873 /* InitialViewController.m */; };
/* End PBXBuildFile section */

/* Begin PBXContainerItemProxy section */
		7060524D14F88D44001A1CDB /* PBXContainerItemProxy */ = {
			isa = PBXContainerItemProxy;
			containerPortal = 7060521E14F88D43001A1CDB /* Project object */;
			proxyType = 1;
			remoteGlobalIDString = 7060522614F88D43001A1CDB;
			remoteInfo = "MegaTunes Player";
		};
/* End PBXContainerItemProxy section */

/* Begin PBXFileReference section */
		70515C19160C038700D96335 /* Default-568h@2x.png */ = {isa = PBXFileReference; lastKnownFileType = image.png; name = "Default-568h@2x.png"; path = "../Default-568h@2x.png"; sourceTree = "<group>"; };
		70515C1E160CBE7600D96335 /* Songlist.h */ = {isa = PBXFileReference; fileEncoding = 4; lastKnownFileType = sourcecode.c.h; path = Songlist.h; sourceTree = "<group>"; };
		70515C1F160CBE7600D96335 /* Songlist.m */ = {isa = PBXFileReference; fileEncoding = 4; lastKnownFileType = sourcecode.c.objc; path = Songlist.m; sourceTree = "<group>"; };
		70515C27160F986E00D96335 /* SonglistCell.h */ = {isa = PBXFileReference; fileEncoding = 4; lastKnownFileType = sourcecode.c.h; path = SonglistCell.h; sourceTree = "<group>"; };
		70515C28160F986E00D96335 /* SonglistCell.m */ = {isa = PBXFileReference; fileEncoding = 4; lastKnownFileType = sourcecode.c.objc; path = SonglistCell.m; sourceTree = "<group>"; };
		70515C2A160FD2DC00D96335 /* PlaylistDetailController.h */ = {isa = PBXFileReference; fileEncoding = 4; lastKnownFileType = sourcecode.c.h; path = PlaylistDetailController.h; sourceTree = "<group>"; };
		70515C2B160FD2DC00D96335 /* PlaylistDetailController.m */ = {isa = PBXFileReference; fileEncoding = 4; lastKnownFileType = sourcecode.c.objc; path = PlaylistDetailController.m; sourceTree = "<group>"; };
		70515C301610184A00D96335 /* MainViewController.h */ = {isa = PBXFileReference; fileEncoding = 4; lastKnownFileType = sourcecode.c.h; path = MainViewController.h; sourceTree = "<group>"; };
		70515C311610184A00D96335 /* MainViewController.m */ = {isa = PBXFileReference; fileEncoding = 4; lastKnownFileType = sourcecode.c.objc; path = MainViewController.m; sourceTree = "<group>"; };
		70515C36161028FE00D96335 /* PlaylistCell.h */ = {isa = PBXFileReference; fileEncoding = 4; lastKnownFileType = sourcecode.c.h; path = PlaylistCell.h; sourceTree = "<group>"; };
		70515C37161028FE00D96335 /* PlaylistCell.m */ = {isa = PBXFileReference; fileEncoding = 4; lastKnownFileType = sourcecode.c.objc; path = PlaylistCell.m; sourceTree = "<group>"; };
		70515C411611208B00D96335 /* AVFoundation.framework */ = {isa = PBXFileReference; lastKnownFileType = wrapper.framework; name = AVFoundation.framework; path = System/Library/Frameworks/AVFoundation.framework; sourceTree = SDKROOT; };
		70515C43161120C900D96335 /* AudioToolbox.framework */ = {isa = PBXFileReference; lastKnownFileType = wrapper.framework; name = AudioToolbox.framework; path = System/Library/Frameworks/AudioToolbox.framework; sourceTree = SDKROOT; };
		70515C451611210000D96335 /* MediaPlayer.framework */ = {isa = PBXFileReference; lastKnownFileType = wrapper.framework; name = MediaPlayer.framework; path = System/Library/Frameworks/MediaPlayer.framework; sourceTree = SDKROOT; };
		70515C48161126B400D96335 /* en */ = {isa = PBXFileReference; lastKnownFileType = text.plist.strings; name = en; path = ../../../../AddMusic/Resources/en.lproj/Localizable.strings; sourceTree = "<group>"; };
		7060522714F88D43001A1CDB /* MegaTunes Player.app */ = {isa = PBXFileReference; explicitFileType = wrapper.application; includeInIndex = 0; path = "MegaTunes Player.app"; sourceTree = BUILT_PRODUCTS_DIR; };
		7060522B14F88D43001A1CDB /* UIKit.framework */ = {isa = PBXFileReference; lastKnownFileType = wrapper.framework; name = UIKit.framework; path = System/Library/Frameworks/UIKit.framework; sourceTree = SDKROOT; };
		7060522D14F88D43001A1CDB /* Foundation.framework */ = {isa = PBXFileReference; lastKnownFileType = wrapper.framework; name = Foundation.framework; path = System/Library/Frameworks/Foundation.framework; sourceTree = SDKROOT; };
		7060522F14F88D43001A1CDB /* CoreGraphics.framework */ = {isa = PBXFileReference; lastKnownFileType = wrapper.framework; name = CoreGraphics.framework; path = System/Library/Frameworks/CoreGraphics.framework; sourceTree = SDKROOT; };
		7060523314F88D43001A1CDB /* MegaTunes Player-Info.plist */ = {isa = PBXFileReference; lastKnownFileType = text.plist.xml; path = "MegaTunes Player-Info.plist"; sourceTree = "<group>"; };
		7060523514F88D43001A1CDB /* en */ = {isa = PBXFileReference; lastKnownFileType = text.plist.strings; name = en; path = en.lproj/InfoPlist.strings; sourceTree = "<group>"; };
		7060523714F88D43001A1CDB /* main.m */ = {isa = PBXFileReference; lastKnownFileType = sourcecode.c.objc; path = main.m; sourceTree = "<group>"; };
		7060523914F88D43001A1CDB /* MegaTunes Player-Prefix.pch */ = {isa = PBXFileReference; lastKnownFileType = sourcecode.c.h; path = "MegaTunes Player-Prefix.pch"; sourceTree = "<group>"; };
		7060523A14F88D43001A1CDB /* AppDelegate.h */ = {isa = PBXFileReference; lastKnownFileType = sourcecode.c.h; path = AppDelegate.h; sourceTree = "<group>"; };
		7060523B14F88D43001A1CDB /* AppDelegate.m */ = {isa = PBXFileReference; lastKnownFileType = sourcecode.c.objc; path = AppDelegate.m; sourceTree = "<group>"; };
		7060523E14F88D43001A1CDB /* en */ = {isa = PBXFileReference; lastKnownFileType = file.storyboard; name = en; path = en.lproj/MainStoryboard.storyboard; sourceTree = "<group>"; };
		7060524814F88D44001A1CDB /* MegaTunes PlayerTests.octest */ = {isa = PBXFileReference; explicitFileType = wrapper.cfbundle; includeInIndex = 0; path = "MegaTunes PlayerTests.octest"; sourceTree = BUILT_PRODUCTS_DIR; };
		7060524914F88D44001A1CDB /* SenTestingKit.framework */ = {isa = PBXFileReference; lastKnownFileType = wrapper.framework; name = SenTestingKit.framework; path = Library/Frameworks/SenTestingKit.framework; sourceTree = DEVELOPER_DIR; };
		7060525114F88D44001A1CDB /* MegaTunes PlayerTests-Info.plist */ = {isa = PBXFileReference; lastKnownFileType = text.plist.xml; path = "MegaTunes PlayerTests-Info.plist"; sourceTree = "<group>"; };
		7060525314F88D44001A1CDB /* en */ = {isa = PBXFileReference; lastKnownFileType = text.plist.strings; name = en; path = en.lproj/InfoPlist.strings; sourceTree = "<group>"; };
		7060525514F88D44001A1CDB /* MegaTunes_PlayerTests.h */ = {isa = PBXFileReference; lastKnownFileType = sourcecode.c.h; path = MegaTunes_PlayerTests.h; sourceTree = "<group>"; };
		7060525614F88D44001A1CDB /* MegaTunes_PlayerTests.m */ = {isa = PBXFileReference; lastKnownFileType = sourcecode.c.objc; path = MegaTunes_PlayerTests.m; sourceTree = "<group>"; };
		706052D914FEE669001A1CDB /* video_next_64.png */ = {isa = PBXFileReference; lastKnownFileType = image.png; path = video_next_64.png; sourceTree = "<group>"; };
		706052DA14FEE669001A1CDB /* video_pause_64.png */ = {isa = PBXFileReference; lastKnownFileType = image.png; path = video_pause_64.png; sourceTree = "<group>"; };
		706052DB14FEE669001A1CDB /* video_play_64.png */ = {isa = PBXFileReference; lastKnownFileType = image.png; path = video_play_64.png; sourceTree = "<group>"; };
		706052DC14FEE669001A1CDB /* video_previous_64.png */ = {isa = PBXFileReference; lastKnownFileType = image.png; path = video_previous_64.png; sourceTree = "<group>"; };
		707862A21624D16E00871260 /* Settings.bundle */ = {isa = PBXFileReference; lastKnownFileType = "wrapper.plug-in"; name = Settings.bundle; path = ../Settings.bundle; sourceTree = "<group>"; };
		70ADDC0B16113CAD00219873 /* sound.caf */ = {isa = PBXFileReference; lastKnownFileType = file; name = sound.caf; path = ../../../../AddMusic/Resources/sound.caf; sourceTree = "<group>"; };
		70ADDC1D1614178500219873 /* Playlist.h */ = {isa = PBXFileReference; fileEncoding = 4; lastKnownFileType = sourcecode.c.h; path = Playlist.h; sourceTree = "<group>"; };
		70ADDC1E1614178500219873 /* Playlist.m */ = {isa = PBXFileReference; fileEncoding = 4; lastKnownFileType = sourcecode.c.objc; path = Playlist.m; sourceTree = "<group>"; };
		70ADDC2E161A4A7700219873 /* MusicTableViewController.h */ = {isa = PBXFileReference; fileEncoding = 4; lastKnownFileType = sourcecode.c.h; name = MusicTableViewController.h; path = ../MusicTableViewController.h; sourceTree = "<group>"; };
		70ADDC2F161A4A7700219873 /* MusicTableViewController.m */ = {isa = PBXFileReference; fileEncoding = 4; lastKnownFileType = sourcecode.c.objc; name = MusicTableViewController.m; path = ../MusicTableViewController.m; sourceTree = "<group>"; };
		70ADDC31161AC09B00219873 /* InitialViewController.h */ = {isa = PBXFileReference; fileEncoding = 4; lastKnownFileType = sourcecode.c.h; path = InitialViewController.h; sourceTree = "<group>"; };
		70ADDC32161AC09C00219873 /* InitialViewController.m */ = {isa = PBXFileReference; fileEncoding = 4; lastKnownFileType = sourcecode.c.objc; path = InitialViewController.m; sourceTree = "<group>"; };
/* End PBXFileReference section */

/* Begin PBXFrameworksBuildPhase section */
		7060522414F88D43001A1CDB /* Frameworks */ = {
			isa = PBXFrameworksBuildPhase;
			buildActionMask = 2147483647;
			files = (
				70515C461611210100D96335 /* MediaPlayer.framework in Frameworks */,
				70515C44161120C900D96335 /* AudioToolbox.framework in Frameworks */,
				70515C421611208C00D96335 /* AVFoundation.framework in Frameworks */,
				7060522C14F88D43001A1CDB /* UIKit.framework in Frameworks */,
				7060522E14F88D43001A1CDB /* Foundation.framework in Frameworks */,
				7060523014F88D43001A1CDB /* CoreGraphics.framework in Frameworks */,
			);
			runOnlyForDeploymentPostprocessing = 0;
		};
		7060524414F88D44001A1CDB /* Frameworks */ = {
			isa = PBXFrameworksBuildPhase;
			buildActionMask = 2147483647;
			files = (
				7060524A14F88D44001A1CDB /* SenTestingKit.framework in Frameworks */,
				7060524B14F88D44001A1CDB /* UIKit.framework in Frameworks */,
				7060524C14F88D44001A1CDB /* Foundation.framework in Frameworks */,
			);
			runOnlyForDeploymentPostprocessing = 0;
		};
/* End PBXFrameworksBuildPhase section */

/* Begin PBXGroup section */
		7060521C14F88D43001A1CDB = {
			isa = PBXGroup;
			children = (
				7060523114F88D43001A1CDB /* MegaTunes Player */,
				7060524F14F88D44001A1CDB /* MegaTunes PlayerTests */,
				7060522A14F88D43001A1CDB /* Frameworks */,
				7060522814F88D43001A1CDB /* Products */,
			);
			sourceTree = "<group>";
		};
		7060522814F88D43001A1CDB /* Products */ = {
			isa = PBXGroup;
			children = (
				7060522714F88D43001A1CDB /* MegaTunes Player.app */,
				7060524814F88D44001A1CDB /* MegaTunes PlayerTests.octest */,
			);
			name = Products;
			sourceTree = "<group>";
		};
		7060522A14F88D43001A1CDB /* Frameworks */ = {
			isa = PBXGroup;
			children = (
				70515C43161120C900D96335 /* AudioToolbox.framework */,
				70515C451611210000D96335 /* MediaPlayer.framework */,
				70515C411611208B00D96335 /* AVFoundation.framework */,
				7060522B14F88D43001A1CDB /* UIKit.framework */,
				7060522D14F88D43001A1CDB /* Foundation.framework */,
				7060522F14F88D43001A1CDB /* CoreGraphics.framework */,
				7060524914F88D44001A1CDB /* SenTestingKit.framework */,
			);
			name = Frameworks;
			sourceTree = "<group>";
		};
		7060523114F88D43001A1CDB /* MegaTunes Player */ = {
			isa = PBXGroup;
			children = (
				7060523A14F88D43001A1CDB /* AppDelegate.h */,
				7060523B14F88D43001A1CDB /* AppDelegate.m */,
				70ADDC0F1612245F00219873 /* View */,
				70ADDC0E1612245400219873 /* Model */,
				70ADDC101612246900219873 /* Controller */,
				70ADDC11161224BD00219873 /* Resources */,
				7060523214F88D43001A1CDB /* Supporting Files */,
			);
			path = "MegaTunes Player";
			sourceTree = "<group>";
		};
		7060523214F88D43001A1CDB /* Supporting Files */ = {
			isa = PBXGroup;
			children = (
				70515C47161126B400D96335 /* Localizable.strings */,
				7060523314F88D43001A1CDB /* MegaTunes Player-Info.plist */,
				7060523414F88D43001A1CDB /* InfoPlist.strings */,
				7060523714F88D43001A1CDB /* main.m */,
				7060523914F88D43001A1CDB /* MegaTunes Player-Prefix.pch */,
			);
			name = "Supporting Files";
			sourceTree = "<group>";
		};
		7060524F14F88D44001A1CDB /* MegaTunes PlayerTests */ = {
			isa = PBXGroup;
			children = (
				7060525514F88D44001A1CDB /* MegaTunes_PlayerTests.h */,
				7060525614F88D44001A1CDB /* MegaTunes_PlayerTests.m */,
				7060525014F88D44001A1CDB /* Supporting Files */,
			);
			path = "MegaTunes PlayerTests";
			sourceTree = "<group>";
		};
		7060525014F88D44001A1CDB /* Supporting Files */ = {
			isa = PBXGroup;
			children = (
				7060525114F88D44001A1CDB /* MegaTunes PlayerTests-Info.plist */,
				7060525214F88D44001A1CDB /* InfoPlist.strings */,
			);
			name = "Supporting Files";
			sourceTree = "<group>";
		};
		706052D814FEE669001A1CDB /* audio player icons */ = {
			isa = PBXGroup;
			children = (
				706052D914FEE669001A1CDB /* video_next_64.png */,
				706052DA14FEE669001A1CDB /* video_pause_64.png */,
				706052DB14FEE669001A1CDB /* video_play_64.png */,
				706052DC14FEE669001A1CDB /* video_previous_64.png */,
			);
			path = "audio player icons";
			sourceTree = "<group>";
		};
		70ADDC0E1612245400219873 /* Model */ = {
			isa = PBXGroup;
			children = (
				70515C36161028FE00D96335 /* PlaylistCell.h */,
				70515C37161028FE00D96335 /* PlaylistCell.m */,
				70ADDC1D1614178500219873 /* Playlist.h */,
				70ADDC1E1614178500219873 /* Playlist.m */,
				70515C27160F986E00D96335 /* SonglistCell.h */,
				70515C28160F986E00D96335 /* SonglistCell.m */,
				70515C1E160CBE7600D96335 /* Songlist.h */,
				70515C1F160CBE7600D96335 /* Songlist.m */,
			);
			name = Model;
			sourceTree = "<group>";
		};
		70ADDC0F1612245F00219873 /* View */ = {
			isa = PBXGroup;
			children = (
				7060523D14F88D43001A1CDB /* MainStoryboard.storyboard */,
			);
			name = View;
			sourceTree = "<group>";
		};
		70ADDC101612246900219873 /* Controller */ = {
			isa = PBXGroup;
			children = (
				70ADDC31161AC09B00219873 /* InitialViewController.h */,
				70ADDC32161AC09C00219873 /* InitialViewController.m */,
				70ADDC2E161A4A7700219873 /* MusicTableViewController.h */,
				70ADDC2F161A4A7700219873 /* MusicTableViewController.m */,
				70515C2A160FD2DC00D96335 /* PlaylistDetailController.h */,
				70515C2B160FD2DC00D96335 /* PlaylistDetailController.m */,
				70515C301610184A00D96335 /* MainViewController.h */,
				70515C311610184A00D96335 /* MainViewController.m */,
			);
			name = Controller;
			sourceTree = "<group>";
		};
		70ADDC11161224BD00219873 /* Resources */ = {
			isa = PBXGroup;
			children = (
				707862A21624D16E00871260 /* Settings.bundle */,
				70515C19160C038700D96335 /* Default-568h@2x.png */,
				70ADDC0B16113CAD00219873 /* sound.caf */,
				706052D814FEE669001A1CDB /* audio player icons */,
			);
			name = Resources;
			sourceTree = "<group>";
		};
/* End PBXGroup section */

/* Begin PBXNativeTarget section */
		7060522614F88D43001A1CDB /* MegaTunes Player */ = {
			isa = PBXNativeTarget;
			buildConfigurationList = 7060525A14F88D44001A1CDB /* Build configuration list for PBXNativeTarget "MegaTunes Player" */;
			buildPhases = (
				7060522314F88D43001A1CDB /* Sources */,
				7060522414F88D43001A1CDB /* Frameworks */,
				7060522514F88D43001A1CDB /* Resources */,
			);
			buildRules = (
			);
			dependencies = (
			);
			name = "MegaTunes Player";
			productName = "MegaTunes Player";
			productReference = 7060522714F88D43001A1CDB /* MegaTunes Player.app */;
			productType = "com.apple.product-type.application";
		};
		7060524714F88D44001A1CDB /* MegaTunes PlayerTests */ = {
			isa = PBXNativeTarget;
			buildConfigurationList = 7060525D14F88D44001A1CDB /* Build configuration list for PBXNativeTarget "MegaTunes PlayerTests" */;
			buildPhases = (
				7060524314F88D44001A1CDB /* Sources */,
				7060524414F88D44001A1CDB /* Frameworks */,
				7060524514F88D44001A1CDB /* Resources */,
				7060524614F88D44001A1CDB /* ShellScript */,
			);
			buildRules = (
			);
			dependencies = (
				7060524E14F88D44001A1CDB /* PBXTargetDependency */,
			);
			name = "MegaTunes PlayerTests";
			productName = "MegaTunes PlayerTests";
			productReference = 7060524814F88D44001A1CDB /* MegaTunes PlayerTests.octest */;
			productType = "com.apple.product-type.bundle";
		};
/* End PBXNativeTarget section */

/* Begin PBXProject section */
		7060521E14F88D43001A1CDB /* Project object */ = {
			isa = PBXProject;
			attributes = {
				LastUpgradeCheck = 0450;
			};
			buildConfigurationList = 7060522114F88D43001A1CDB /* Build configuration list for PBXProject "MegaTunes Player" */;
			compatibilityVersion = "Xcode 3.2";
			developmentRegion = English;
			hasScannedForEncodings = 0;
			knownRegions = (
				en,
			);
			mainGroup = 7060521C14F88D43001A1CDB;
			productRefGroup = 7060522814F88D43001A1CDB /* Products */;
			projectDirPath = "";
			projectRoot = "";
			targets = (
				7060522614F88D43001A1CDB /* MegaTunes Player */,
				7060524714F88D44001A1CDB /* MegaTunes PlayerTests */,
			);
		};
/* End PBXProject section */

/* Begin PBXResourcesBuildPhase section */
		7060522514F88D43001A1CDB /* Resources */ = {
			isa = PBXResourcesBuildPhase;
			buildActionMask = 2147483647;
			files = (
				7060523614F88D43001A1CDB /* InfoPlist.strings in Resources */,
				7060523F14F88D43001A1CDB /* MainStoryboard.storyboard in Resources */,
				706052DD14FEE669001A1CDB /* video_next_64.png in Resources */,
				706052DE14FEE669001A1CDB /* video_pause_64.png in Resources */,
				706052DF14FEE669001A1CDB /* video_play_64.png in Resources */,
				706052E014FEE669001A1CDB /* video_previous_64.png in Resources */,
				70515C1A160C038700D96335 /* Default-568h@2x.png in Resources */,
				70515C49161126B400D96335 /* Localizable.strings in Resources */,
				70ADDC0C16113CAD00219873 /* sound.caf in Resources */,
				707862A31624D16E00871260 /* Settings.bundle in Resources */,
			);
			runOnlyForDeploymentPostprocessing = 0;
		};
		7060524514F88D44001A1CDB /* Resources */ = {
			isa = PBXResourcesBuildPhase;
			buildActionMask = 2147483647;
			files = (
				7060525414F88D44001A1CDB /* InfoPlist.strings in Resources */,
			);
			runOnlyForDeploymentPostprocessing = 0;
		};
/* End PBXResourcesBuildPhase section */

/* Begin PBXShellScriptBuildPhase section */
		7060524614F88D44001A1CDB /* ShellScript */ = {
			isa = PBXShellScriptBuildPhase;
			buildActionMask = 2147483647;
			files = (
			);
			inputPaths = (
			);
			outputPaths = (
			);
			runOnlyForDeploymentPostprocessing = 0;
			shellPath = /bin/sh;
			shellScript = "# Run the unit tests in this test bundle.\n\"${SYSTEM_DEVELOPER_DIR}/Tools/RunUnitTests\"\n";
		};
/* End PBXShellScriptBuildPhase section */

/* Begin PBXSourcesBuildPhase section */
		7060522314F88D43001A1CDB /* Sources */ = {
			isa = PBXSourcesBuildPhase;
			buildActionMask = 2147483647;
			files = (
				7060523814F88D43001A1CDB /* main.m in Sources */,
				7060523C14F88D43001A1CDB /* AppDelegate.m in Sources */,
				70515C20160CBE7600D96335 /* Songlist.m in Sources */,
				70515C29160F986E00D96335 /* SonglistCell.m in Sources */,
				70515C2C160FD2DC00D96335 /* PlaylistDetailController.m in Sources */,
				70515C321610184A00D96335 /* MainViewController.m in Sources */,
				70515C38161028FE00D96335 /* PlaylistCell.m in Sources */,
				70ADDC1F1614178500219873 /* Playlist.m in Sources */,
				70ADDC30161A4A7700219873 /* MusicTableViewController.m in Sources */,
				70ADDC33161AC09C00219873 /* InitialViewController.m in Sources */,
			);
			runOnlyForDeploymentPostprocessing = 0;
		};
		7060524314F88D44001A1CDB /* Sources */ = {
			isa = PBXSourcesBuildPhase;
			buildActionMask = 2147483647;
			files = (
				7060525714F88D44001A1CDB /* MegaTunes_PlayerTests.m in Sources */,
			);
			runOnlyForDeploymentPostprocessing = 0;
		};
/* End PBXSourcesBuildPhase section */

/* Begin PBXTargetDependency section */
		7060524E14F88D44001A1CDB /* PBXTargetDependency */ = {
			isa = PBXTargetDependency;
			target = 7060522614F88D43001A1CDB /* MegaTunes Player */;
			targetProxy = 7060524D14F88D44001A1CDB /* PBXContainerItemProxy */;
		};
/* End PBXTargetDependency section */

/* Begin PBXVariantGroup section */
		70515C47161126B400D96335 /* Localizable.strings */ = {
			isa = PBXVariantGroup;
			children = (
				70515C48161126B400D96335 /* en */,
			);
			name = Localizable.strings;
			sourceTree = "<group>";
		};
		7060523414F88D43001A1CDB /* InfoPlist.strings */ = {
			isa = PBXVariantGroup;
			children = (
				7060523514F88D43001A1CDB /* en */,
			);
			name = InfoPlist.strings;
			sourceTree = "<group>";
		};
		7060523D14F88D43001A1CDB /* MainStoryboard.storyboard */ = {
			isa = PBXVariantGroup;
			children = (
				7060523E14F88D43001A1CDB /* en */,
			);
			name = MainStoryboard.storyboard;
			sourceTree = "<group>";
		};
		7060525214F88D44001A1CDB /* InfoPlist.strings */ = {
			isa = PBXVariantGroup;
			children = (
				7060525314F88D44001A1CDB /* en */,
			);
			name = InfoPlist.strings;
			sourceTree = "<group>";
		};
/* End PBXVariantGroup section */

/* Begin XCBuildConfiguration section */
		7060525814F88D44001A1CDB /* Debug */ = {
			isa = XCBuildConfiguration;
			buildSettings = {
				ALWAYS_SEARCH_USER_PATHS = NO;
				ARCHS = "$(ARCHS_STANDARD_32_BIT)";
				CLANG_ENABLE_OBJC_ARC = YES;
				CODE_SIGN_IDENTITY = "iPhone Developer";
				COPY_PHASE_STRIP = NO;
				GCC_C_LANGUAGE_STANDARD = gnu99;
				GCC_DYNAMIC_NO_PIC = NO;
				GCC_OPTIMIZATION_LEVEL = 0;
				GCC_PREPROCESSOR_DEFINITIONS = (
					"DEBUG=1",
					"$(inherited)",
				);
				GCC_SYMBOLS_PRIVATE_EXTERN = NO;
				GCC_VERSION = com.apple.compilers.llvm.clang.1_0;
				GCC_WARN_ABOUT_MISSING_PROTOTYPES = NO;
				GCC_WARN_ABOUT_RETURN_TYPE = YES;
				GCC_WARN_UNUSED_VARIABLE = YES;
				IPHONEOS_DEPLOYMENT_TARGET = 5.0;
				PROVISIONING_PROFILE = "";
				SDKROOT = iphoneos;
			};
			name = Debug;
		};
		7060525914F88D44001A1CDB /* Release */ = {
			isa = XCBuildConfiguration;
			buildSettings = {
				ALWAYS_SEARCH_USER_PATHS = NO;
				ARCHS = "$(ARCHS_STANDARD_32_BIT)";
				CLANG_ENABLE_OBJC_ARC = YES;
				CODE_SIGN_IDENTITY = "iPhone Developer";
				"CODE_SIGN_IDENTITY[sdk=iphoneos*]" = "iPhone Developer";
				COPY_PHASE_STRIP = YES;
				GCC_C_LANGUAGE_STANDARD = gnu99;
				GCC_VERSION = com.apple.compilers.llvm.clang.1_0;
				GCC_WARN_ABOUT_MISSING_PROTOTYPES = NO;
				GCC_WARN_ABOUT_RETURN_TYPE = YES;
				GCC_WARN_UNUSED_VARIABLE = YES;
				IPHONEOS_DEPLOYMENT_TARGET = 5.0;
				OTHER_CFLAGS = "-DNS_BLOCK_ASSERTIONS=1";
				PROVISIONING_PROFILE = "";
				SDKROOT = iphoneos;
				VALIDATE_PRODUCT = YES;
			};
			name = Release;
		};
		7060525B14F88D44001A1CDB /* Debug */ = {
			isa = XCBuildConfiguration;
			buildSettings = {
				GCC_PRECOMPILE_PREFIX_HEADER = YES;
				GCC_PREFIX_HEADER = "MegaTunes Player/MegaTunes Player-Prefix.pch";
				GCC_VERSION = "";
				INFOPLIST_FILE = "MegaTunes Player/MegaTunes Player-Info.plist";
				PRODUCT_NAME = "$(TARGET_NAME)";
				WRAPPER_EXTENSION = app;
			};
			name = Debug;
		};
		7060525C14F88D44001A1CDB /* Release */ = {
			isa = XCBuildConfiguration;
			buildSettings = {
				GCC_PRECOMPILE_PREFIX_HEADER = YES;
				GCC_PREFIX_HEADER = "MegaTunes Player/MegaTunes Player-Prefix.pch";
				GCC_VERSION = "";
				INFOPLIST_FILE = "MegaTunes Player/MegaTunes Player-Info.plist";
				PRODUCT_NAME = "$(TARGET_NAME)";
				WRAPPER_EXTENSION = app;
			};
			name = Release;
		};
		7060525E14F88D44001A1CDB /* Debug */ = {
			isa = XCBuildConfiguration;
			buildSettings = {
				BUNDLE_LOADER = "$(BUILT_PRODUCTS_DIR)/MegaTunes Player.app/MegaTunes Player";
				FRAMEWORK_SEARCH_PATHS = (
					"$(SDKROOT)/Developer/Library/Frameworks",
					"$(DEVELOPER_LIBRARY_DIR)/Frameworks",
				);
				GCC_PRECOMPILE_PREFIX_HEADER = YES;
				GCC_PREFIX_HEADER = "MegaTunes Player/MegaTunes Player-Prefix.pch";
				INFOPLIST_FILE = "MegaTunes PlayerTests/MegaTunes PlayerTests-Info.plist";
				PRODUCT_NAME = "$(TARGET_NAME)";
				TEST_HOST = "$(BUNDLE_LOADER)";
				WRAPPER_EXTENSION = octest;
			};
			name = Debug;
		};
		7060525F14F88D44001A1CDB /* Release */ = {
			isa = XCBuildConfiguration;
			buildSettings = {
				BUNDLE_LOADER = "$(BUILT_PRODUCTS_DIR)/MegaTunes Player.app/MegaTunes Player";
				FRAMEWORK_SEARCH_PATHS = (
					"$(SDKROOT)/Developer/Library/Frameworks",
					"$(DEVELOPER_LIBRARY_DIR)/Frameworks",
				);
				GCC_PRECOMPILE_PREFIX_HEADER = YES;
				GCC_PREFIX_HEADER = "MegaTunes Player/MegaTunes Player-Prefix.pch";
				INFOPLIST_FILE = "MegaTunes PlayerTests/MegaTunes PlayerTests-Info.plist";
				PRODUCT_NAME = "$(TARGET_NAME)";
				TEST_HOST = "$(BUNDLE_LOADER)";
				WRAPPER_EXTENSION = octest;
			};
			name = Release;
		};
/* End XCBuildConfiguration section */

/* Begin XCConfigurationList section */
		7060522114F88D43001A1CDB /* Build configuration list for PBXProject "MegaTunes Player" */ = {
			isa = XCConfigurationList;
			buildConfigurations = (
				7060525814F88D44001A1CDB /* Debug */,
				7060525914F88D44001A1CDB /* Release */,
			);
			defaultConfigurationIsVisible = 0;
			defaultConfigurationName = Release;
		};
		7060525A14F88D44001A1CDB /* Build configuration list for PBXNativeTarget "MegaTunes Player" */ = {
			isa = XCConfigurationList;
			buildConfigurations = (
				7060525B14F88D44001A1CDB /* Debug */,
				7060525C14F88D44001A1CDB /* Release */,
			);
			defaultConfigurationIsVisible = 0;
			defaultConfigurationName = Release;
		};
		7060525D14F88D44001A1CDB /* Build configuration list for PBXNativeTarget "MegaTunes PlayerTests" */ = {
			isa = XCConfigurationList;
			buildConfigurations = (
				7060525E14F88D44001A1CDB /* Debug */,
				7060525F14F88D44001A1CDB /* Release */,
			);
			defaultConfigurationIsVisible = 0;
			defaultConfigurationName = Release;
		};
/* End XCConfigurationList section */
	};
	rootObject = 7060521E14F88D43001A1CDB /* Project object */;
}
